// !$*UTF8*$!
{
	archiveVersion = 1;
	classes = {
	};
	objectVersion = 46;
	objects = {

/* Begin PBXBuildFile section */
		DC1A52A720183FAE0021E6E3 /* individual.cpp in Sources */ = {isa = PBXBuildFile; fileRef = DC1A52A520183FAE0021E6E3 /* individual.cpp */; };
		DCEC5601201011E900807F3F /* main.cpp in Sources */ = {isa = PBXBuildFile; fileRef = DCEC5600201011E900807F3F /* main.cpp */; };
/* End PBXBuildFile section */

/* Begin PBXCopyFilesBuildPhase section */
		DCEC55FB201011E900807F3F /* CopyFiles */ = {
			isa = PBXCopyFilesBuildPhase;
			buildActionMask = 2147483647;
			dstPath = /usr/share/man/man1/;
			dstSubfolderSpec = 0;
			files = (
			);
			runOnlyForDeploymentPostprocessing = 1;
		};
/* End PBXCopyFilesBuildPhase section */

/* Begin PBXFileReference section */
		DC1A52A520183FAE0021E6E3 /* individual.cpp */ = {isa = PBXFileReference; fileEncoding = 4; lastKnownFileType = sourcecode.cpp.cpp; path = individual.cpp; sourceTree = "<group>"; };
		DC1A52A620183FAE0021E6E3 /* individual.hpp */ = {isa = PBXFileReference; fileEncoding = 4; lastKnownFileType = sourcecode.cpp.h; path = individual.hpp; sourceTree = "<group>"; };
		DCEC55FD201011E900807F3F /* COEN432_Assign1 */ = {isa = PBXFileReference; explicitFileType = "compiled.mach-o.executable"; includeInIndex = 0; path = COEN432_Assign1; sourceTree = BUILT_PRODUCTS_DIR; };
		DCEC5600201011E900807F3F /* main.cpp */ = {isa = PBXFileReference; lastKnownFileType = sourcecode.cpp.cpp; path = main.cpp; sourceTree = "<group>"; };
/* End PBXFileReference section */

/* Begin PBXFrameworksBuildPhase section */
		DCEC55FA201011E900807F3F /* Frameworks */ = {
			isa = PBXFrameworksBuildPhase;
			buildActionMask = 2147483647;
			files = (
			);
			runOnlyForDeploymentPostprocessing = 0;
		};
/* End PBXFrameworksBuildPhase section */

/* Begin PBXGroup section */
		DCEC55F4201011E800807F3F = {
			isa = PBXGroup;
			children = (
				DCEC55FF201011E900807F3F /* COEN432_Assign1 */,
				DCEC55FE201011E900807F3F /* Products */,
			);
			sourceTree = "<group>";
		};
		DCEC55FE201011E900807F3F /* Products */ = {
			isa = PBXGroup;
			children = (
				DCEC55FD201011E900807F3F /* COEN432_Assign1 */,
			);
			name = Products;
			sourceTree = "<group>";
		};
		DCEC55FF201011E900807F3F /* COEN432_Assign1 */ = {
			isa = PBXGroup;
			children = (
				DCEC5600201011E900807F3F /* main.cpp */,
				DC1A52A520183FAE0021E6E3 /* individual.cpp */,
				DC1A52A620183FAE0021E6E3 /* individual.hpp */,
			);
			path = COEN432_Assign1;
			sourceTree = "<group>";
		};
/* End PBXGroup section */

/* Begin PBXNativeTarget section */
		DCEC55FC201011E900807F3F /* COEN432_Assign1 */ = {
			isa = PBXNativeTarget;
			buildConfigurationList = DCEC5604201011E900807F3F /* Build configuration list for PBXNativeTarget "COEN432_Assign1" */;
			buildPhases = (
				DCEC55F9201011E900807F3F /* Sources */,
				DCEC55FA201011E900807F3F /* Frameworks */,
				DCEC55FB201011E900807F3F /* CopyFiles */,
			);
			buildRules = (
			);
			dependencies = (
			);
			name = COEN432_Assign1;
			productName = COEN432_Assign1;
			productReference = DCEC55FD201011E900807F3F /* COEN432_Assign1 */;
			productType = "com.apple.product-type.tool";
		};
/* End PBXNativeTarget section */

/* Begin PBXProject section */
		DCEC55F5201011E800807F3F /* Project object */ = {
			isa = PBXProject;
			attributes = {
				LastUpgradeCheck = 0730;
				ORGANIZATIONNAME = Felix;
				TargetAttributes = {
					DCEC55FC201011E900807F3F = {
						CreatedOnToolsVersion = 7.3.1;
					};
				};
			};
			buildConfigurationList = DCEC55F8201011E900807F3F /* Build configuration list for PBXProject "COEN432_Assign1" */;
			compatibilityVersion = "Xcode 3.2";
			developmentRegion = English;
			hasScannedForEncodings = 0;
			knownRegions = (
				en,
			);
			mainGroup = DCEC55F4201011E800807F3F;
			productRefGroup = DCEC55FE201011E900807F3F /* Products */;
			projectDirPath = "";
			projectRoot = "";
			targets = (
				DCEC55FC201011E900807F3F /* COEN432_Assign1 */,
			);
		};
/* End PBXProject section */

/* Begin PBXSourcesBuildPhase section */
		DCEC55F9201011E900807F3F /* Sources */ = {
			isa = PBXSourcesBuildPhase;
			buildActionMask = 2147483647;
			files = (
				DC1A52A720183FAE0021E6E3 /* individual.cpp in Sources */,
				DCEC5601201011E900807F3F /* main.cpp in Sources */,
			);
			runOnlyForDeploymentPostprocessing = 0;
		};
/* End PBXSourcesBuildPhase section */

/* Begin XCBuildConfiguration section */
		DCEC5602201011E900807F3F /* Debug */ = {
			isa = XCBuildConfiguration;
			buildSettings = {
				ALWAYS_SEARCH_USER_PATHS = NO;
				CLANG_ANALYZER_NONNULL = YES;
				CLANG_CXX_LANGUAGE_STANDARD = "gnu++0x";
				CLANG_CXX_LIBRARY = "libc++";
				CLANG_ENABLE_MODULES = YES;
				CLANG_ENABLE_OBJC_ARC = YES;
				CLANG_WARN_BOOL_CONVERSION = YES;
				CLANG_WARN_CONSTANT_CONVERSION = YES;
				CLANG_WARN_DIRECT_OBJC_ISA_USAGE = YES_ERROR;
				CLANG_WARN_EMPTY_BODY = YES;
				CLANG_WARN_ENUM_CONVERSION = YES;
				CLANG_WARN_INT_CONVERSION = YES;
				CLANG_WARN_OBJC_ROOT_CLASS = YES_ERROR;
				CLANG_WARN_UNREACHABLE_CODE = YES;
				CLANG_WARN__DUPLICATE_METHOD_MATCH = YES;
				CODE_SIGN_IDENTITY = "-";
				COPY_PHASE_STRIP = NO;
				DEBUG_INFORMATION_FORMAT = dwarf;
				ENABLE_STRICT_OBJC_MSGSEND = YES;
				ENABLE_TESTABILITY = YES;
				GCC_C_LANGUAGE_STANDARD = gnu99;
				GCC_DYNAMIC_NO_PIC = NO;
				GCC_NO_COMMON_BLOCKS = YES;
				GCC_OPTIMIZATION_LEVEL = 0;
				GCC_PREPROCESSOR_DEFINITIONS = (
					"DEBUG=1",
					"$(inherited)",
				);
				GCC_WARN_64_TO_32_BIT_CONVERSION = YES;
				GCC_WARN_ABOUT_RETURN_TYPE = YES_ERROR;
				GCC_WARN_UNDECLARED_SELECTOR = YES;
				GCC_WARN_UNINITIALIZED_AUTOS = YES_AGGRESSIVE;
				GCC_WARN_UNUSED_FUNCTION = YES;
				GCC_WARN_UNUSED_VARIABLE = YES;
				MACOSX_DEPLOYMENT_TARGET = 10.11;
				MTL_ENABLE_DEBUG_INFO = YES;
				ONLY_ACTIVE_ARCH = YES;
				SDKROOT = macosx;
			};
			name = Debug;
		};
		DCEC5603201011E900807F3F /* Release */ = {
			isa = XCBuildConfiguration;
			buildSettings = {
				ALWAYS_SEARCH_USER_PATHS = NO;
				CLANG_ANALYZER_NONNULL = YES;
				CLANG_CXX_LANGUAGE_STANDARD = "gnu++0x";
				CLANG_CXX_LIBRARY = "libc++";
				CLANG_ENABLE_MODULES = YES;
				CLANG_ENABLE_OBJC_ARC = YES;
				CLANG_WARN_BOOL_CONVERSION = YES;
				CLANG_WARN_CONSTANT_CONVERSION = YES;
				CLANG_WARN_DIRECT_OBJC_ISA_USAGE = YES_ERROR;
				CLANG_WARN_EMPTY_BODY = YES;
				CLANG_WARN_ENUM_CONVERSION = YES;
				CLANG_WARN_INT_CONVERSION = YES;
				CLANG_WARN_OBJC_ROOT_CLASS = YES_ERROR;
				CLANG_WARN_UNREACHABLE_CODE = YES;
				CLANG_WARN__DUPLICATE_METHOD_MATCH = YES;
				CODE_SIGN_IDENTITY = "-";
				COPY_PHASE_STRIP = NO;
				DEBUG_INFORMATION_FORMAT = "dwarf-with-dsym";
				ENABLE_NS_ASSERTIONS = NO;
				ENABLE_STRICT_OBJC_MSGSEND = YES;
				GCC_C_LANGUAGE_STANDARD = gnu99;
				GCC_NO_COMMON_BLOCKS = YES;
				GCC_WARN_64_TO_32_BIT_CONVERSION = YES;
				GCC_WARN_ABOUT_RETURN_TYPE = YES_ERROR;
				GCC_WARN_UNDECLARED_SELECTOR = YES;
				GCC_WARN_UNINITIALIZED_AUTOS = YES_AGGRESSIVE;
				GCC_WARN_UNUSED_FUNCTION = YES;
				GCC_WARN_UNUSED_VARIABLE = YES;
				MACOSX_DEPLOYMENT_TARGET = 10.11;
				MTL_ENABLE_DEBUG_INFO = NO;
				SDKROOT = macosx;
			};
			name = Release;
		};
		DCEC5605201011E900807F3F /* Debug */ = {
			isa = XCBuildConfiguration;
			buildSettings = {
				PRODUCT_NAME = "$(TARGET_NAME)";
			};
			name = Debug;
		};
		DCEC5606201011E900807F3F /* Release */ = {
			isa = XCBuildConfiguration;
			buildSettings = {
				PRODUCT_NAME = "$(TARGET_NAME)";
			};
			name = Release;
		};
/* End XCBuildConfiguration section */

/* Begin XCConfigurationList section */
		DCEC55F8201011E900807F3F /* Build configuration list for PBXProject "COEN432_Assign1" */ = {
			isa = XCConfigurationList;
			buildConfigurations = (
				DCEC5602201011E900807F3F /* Debug */,
				DCEC5603201011E900807F3F /* Release */,
			);
			defaultConfigurationIsVisible = 0;
			defaultConfigurationName = Release;
		};
		DCEC5604201011E900807F3F /* Build configuration list for PBXNativeTarget "COEN432_Assign1" */ = {
			isa = XCConfigurationList;
			buildConfigurations = (
				DCEC5605201011E900807F3F /* Debug */,
				DCEC5606201011E900807F3F /* Release */,
			);
			defaultConfigurationIsVisible = 0;
			defaultConfigurationName = Release;
		};
/* End XCConfigurationList section */
	};
	rootObject = DCEC55F5201011E800807F3F /* Project object */;
}
